// !$*UTF8*$!
{
	archiveVersion = 1;
	classes = {
	};
	objectVersion = 48;
	objects = {

/* Begin PBXBuildFile section */
		0C78AA8B1FA4D46400940B11 /* AppDelegate.swift in Sources */ = {isa = PBXBuildFile; fileRef = 0C78AA8A1FA4D46400940B11 /* AppDelegate.swift */; };
		0C78AA8D1FA4D46400940B11 /* ViewController.swift in Sources */ = {isa = PBXBuildFile; fileRef = 0C78AA8C1FA4D46400940B11 /* ViewController.swift */; };
		0C78AA901FA4D46400940B11 /* Main.storyboard in Resources */ = {isa = PBXBuildFile; fileRef = 0C78AA8E1FA4D46400940B11 /* Main.storyboard */; };
		0C78AA921FA4D46400940B11 /* Assets.xcassets in Resources */ = {isa = PBXBuildFile; fileRef = 0C78AA911FA4D46400940B11 /* Assets.xcassets */; };
		0C78AA951FA4D46400940B11 /* LaunchScreen.storyboard in Resources */ = {isa = PBXBuildFile; fileRef = 0C78AA931FA4D46400940B11 /* LaunchScreen.storyboard */; };
		0C78AAA01FA4D46400940B11 /* CoffeeShopTests.swift in Sources */ = {isa = PBXBuildFile; fileRef = 0C78AA9F1FA4D46400940B11 /* CoffeeShopTests.swift */; };
		0C78AAAB1FA4D46500940B11 /* CoffeeShopUITests.swift in Sources */ = {isa = PBXBuildFile; fileRef = 0C78AAAA1FA4D46500940B11 /* CoffeeShopUITests.swift */; };
/* End PBXBuildFile section */

/* Begin PBXContainerItemProxy section */
		0C78AA9C1FA4D46400940B11 /* PBXContainerItemProxy */ = {
			isa = PBXContainerItemProxy;
			containerPortal = 0C78AA7F1FA4D46300940B11 /* Project object */;
			proxyType = 1;
			remoteGlobalIDString = 0C78AA861FA4D46400940B11;
			remoteInfo = CoffeeShop;
		};
		0C78AAA71FA4D46500940B11 /* PBXContainerItemProxy */ = {
			isa = PBXContainerItemProxy;
			containerPortal = 0C78AA7F1FA4D46300940B11 /* Project object */;
			proxyType = 1;
			remoteGlobalIDString = 0C78AA861FA4D46400940B11;
			remoteInfo = CoffeeShop;
		};
/* End PBXContainerItemProxy section */

/* Begin PBXFileReference section */
		0C78AA871FA4D46400940B11 /* CoffeeShop.app */ = {isa = PBXFileReference; explicitFileType = wrapper.application; includeInIndex = 0; path = CoffeeShop.app; sourceTree = BUILT_PRODUCTS_DIR; };
		0C78AA8A1FA4D46400940B11 /* AppDelegate.swift */ = {isa = PBXFileReference; lastKnownFileType = sourcecode.swift; path = AppDelegate.swift; sourceTree = "<group>"; };
		0C78AA8C1FA4D46400940B11 /* ViewController.swift */ = {isa = PBXFileReference; lastKnownFileType = sourcecode.swift; path = ViewController.swift; sourceTree = "<group>"; };
		0C78AA8F1FA4D46400940B11 /* Base */ = {isa = PBXFileReference; lastKnownFileType = file.storyboard; name = Base; path = Base.lproj/Main.storyboard; sourceTree = "<group>"; };
		0C78AA911FA4D46400940B11 /* Assets.xcassets */ = {isa = PBXFileReference; lastKnownFileType = folder.assetcatalog; path = Assets.xcassets; sourceTree = "<group>"; };
		0C78AA941FA4D46400940B11 /* Base */ = {isa = PBXFileReference; lastKnownFileType = file.storyboard; name = Base; path = Base.lproj/LaunchScreen.storyboard; sourceTree = "<group>"; };
		0C78AA961FA4D46400940B11 /* Info.plist */ = {isa = PBXFileReference; lastKnownFileType = text.plist.xml; path = Info.plist; sourceTree = "<group>"; };
		0C78AA9B1FA4D46400940B11 /* CoffeeShopTests.xctest */ = {isa = PBXFileReference; explicitFileType = wrapper.cfbundle; includeInIndex = 0; path = CoffeeShopTests.xctest; sourceTree = BUILT_PRODUCTS_DIR; };
		0C78AA9F1FA4D46400940B11 /* CoffeeShopTests.swift */ = {isa = PBXFileReference; lastKnownFileType = sourcecode.swift; path = CoffeeShopTests.swift; sourceTree = "<group>"; };
		0C78AAA11FA4D46400940B11 /* Info.plist */ = {isa = PBXFileReference; lastKnownFileType = text.plist.xml; path = Info.plist; sourceTree = "<group>"; };
		0C78AAA61FA4D46500940B11 /* CoffeeShopUITests.xctest */ = {isa = PBXFileReference; explicitFileType = wrapper.cfbundle; includeInIndex = 0; path = CoffeeShopUITests.xctest; sourceTree = BUILT_PRODUCTS_DIR; };
		0C78AAAA1FA4D46500940B11 /* CoffeeShopUITests.swift */ = {isa = PBXFileReference; lastKnownFileType = sourcecode.swift; path = CoffeeShopUITests.swift; sourceTree = "<group>"; };
		0C78AAAC1FA4D46500940B11 /* Info.plist */ = {isa = PBXFileReference; lastKnownFileType = text.plist.xml; path = Info.plist; sourceTree = "<group>"; };
/* End PBXFileReference section */

/* Begin PBXFrameworksBuildPhase section */
		0C78AA841FA4D46400940B11 /* Frameworks */ = {
			isa = PBXFrameworksBuildPhase;
			buildActionMask = 2147483647;
			files = (
			);
			runOnlyForDeploymentPostprocessing = 0;
		};
		0C78AA981FA4D46400940B11 /* Frameworks */ = {
			isa = PBXFrameworksBuildPhase;
			buildActionMask = 2147483647;
			files = (
			);
			runOnlyForDeploymentPostprocessing = 0;
		};
		0C78AAA31FA4D46500940B11 /* Frameworks */ = {
			isa = PBXFrameworksBuildPhase;
			buildActionMask = 2147483647;
			files = (
			);
			runOnlyForDeploymentPostprocessing = 0;
		};
/* End PBXFrameworksBuildPhase section */

/* Begin PBXGroup section */
		0C78AA7E1FA4D46300940B11 = {
			isa = PBXGroup;
			children = (
				0C78AA891FA4D46400940B11 /* CoffeeShop */,
				0C78AA9E1FA4D46400940B11 /* CoffeeShopTests */,
				0C78AAA91FA4D46500940B11 /* CoffeeShopUITests */,
				0C78AA881FA4D46400940B11 /* Products */,
			);
			sourceTree = "<group>";
		};
		0C78AA881FA4D46400940B11 /* Products */ = {
			isa = PBXGroup;
			children = (
				0C78AA871FA4D46400940B11 /* CoffeeShop.app */,
				0C78AA9B1FA4D46400940B11 /* CoffeeShopTests.xctest */,
				0C78AAA61FA4D46500940B11 /* CoffeeShopUITests.xctest */,
			);
			name = Products;
			sourceTree = "<group>";
		};
		0C78AA891FA4D46400940B11 /* CoffeeShop */ = {
			isa = PBXGroup;
			children = (
				0C78AA8A1FA4D46400940B11 /* AppDelegate.swift */,
				0C78AA8C1FA4D46400940B11 /* ViewController.swift */,
				0C78AA8E1FA4D46400940B11 /* Main.storyboard */,
				0C78AA911FA4D46400940B11 /* Assets.xcassets */,
				0C78AA931FA4D46400940B11 /* LaunchScreen.storyboard */,
				0C78AA961FA4D46400940B11 /* Info.plist */,
			);
			path = CoffeeShop;
			sourceTree = "<group>";
		};
		0C78AA9E1FA4D46400940B11 /* CoffeeShopTests */ = {
			isa = PBXGroup;
			children = (
				0C78AA9F1FA4D46400940B11 /* CoffeeShopTests.swift */,
				0C78AAA11FA4D46400940B11 /* Info.plist */,
			);
			path = CoffeeShopTests;
			sourceTree = "<group>";
		};
		0C78AAA91FA4D46500940B11 /* CoffeeShopUITests */ = {
			isa = PBXGroup;
			children = (
				0C78AAAA1FA4D46500940B11 /* CoffeeShopUITests.swift */,
				0C78AAAC1FA4D46500940B11 /* Info.plist */,
			);
			path = CoffeeShopUITests;
			sourceTree = "<group>";
		};
/* End PBXGroup section */

/* Begin PBXNativeTarget section */
		0C78AA861FA4D46400940B11 /* CoffeeShop */ = {
			isa = PBXNativeTarget;
			buildConfigurationList = 0C78AAAF1FA4D46500940B11 /* Build configuration list for PBXNativeTarget "CoffeeShop" */;
			buildPhases = (
				0C78AA831FA4D46400940B11 /* Sources */,
				0C78AA841FA4D46400940B11 /* Frameworks */,
				0C78AA851FA4D46400940B11 /* Resources */,
			);
			buildRules = (
			);
			dependencies = (
			);
			name = CoffeeShop;
			productName = CoffeeShop;
			productReference = 0C78AA871FA4D46400940B11 /* CoffeeShop.app */;
			productType = "com.apple.product-type.application";
		};
		0C78AA9A1FA4D46400940B11 /* CoffeeShopTests */ = {
			isa = PBXNativeTarget;
			buildConfigurationList = 0C78AAB21FA4D46500940B11 /* Build configuration list for PBXNativeTarget "CoffeeShopTests" */;
			buildPhases = (
				0C78AA971FA4D46400940B11 /* Sources */,
				0C78AA981FA4D46400940B11 /* Frameworks */,
				0C78AA991FA4D46400940B11 /* Resources */,
			);
			buildRules = (
			);
			dependencies = (
				0C78AA9D1FA4D46400940B11 /* PBXTargetDependency */,
			);
			name = CoffeeShopTests;
			productName = CoffeeShopTests;
			productReference = 0C78AA9B1FA4D46400940B11 /* CoffeeShopTests.xctest */;
			productType = "com.apple.product-type.bundle.unit-test";
		};
		0C78AAA51FA4D46500940B11 /* CoffeeShopUITests */ = {
			isa = PBXNativeTarget;
			buildConfigurationList = 0C78AAB51FA4D46500940B11 /* Build configuration list for PBXNativeTarget "CoffeeShopUITests" */;
			buildPhases = (
				0C78AAA21FA4D46500940B11 /* Sources */,
				0C78AAA31FA4D46500940B11 /* Frameworks */,
				0C78AAA41FA4D46500940B11 /* Resources */,
			);
			buildRules = (
			);
			dependencies = (
				0C78AAA81FA4D46500940B11 /* PBXTargetDependency */,
			);
			name = CoffeeShopUITests;
			productName = CoffeeShopUITests;
			productReference = 0C78AAA61FA4D46500940B11 /* CoffeeShopUITests.xctest */;
			productType = "com.apple.product-type.bundle.ui-testing";
		};
/* End PBXNativeTarget section */

/* Begin PBXProject section */
		0C78AA7F1FA4D46300940B11 /* Project object */ = {
			isa = PBXProject;
			attributes = {
				LastSwiftUpdateCheck = 0900;
				LastUpgradeCheck = 0900;
				ORGANIZATIONNAME = "TuanVi Phan";
				TargetAttributes = {
					0C78AA861FA4D46400940B11 = {
						CreatedOnToolsVersion = 9.0;
						ProvisioningStyle = Automatic;
					};
					0C78AA9A1FA4D46400940B11 = {
						CreatedOnToolsVersion = 9.0;
						ProvisioningStyle = Automatic;
						TestTargetID = 0C78AA861FA4D46400940B11;
					};
					0C78AAA51FA4D46500940B11 = {
						CreatedOnToolsVersion = 9.0;
						ProvisioningStyle = Automatic;
						TestTargetID = 0C78AA861FA4D46400940B11;
					};
				};
			};
			buildConfigurationList = 0C78AA821FA4D46300940B11 /* Build configuration list for PBXProject "CoffeeShop" */;
			compatibilityVersion = "Xcode 8.0";
			developmentRegion = en;
			hasScannedForEncodings = 0;
			knownRegions = (
				en,
				Base,
			);
			mainGroup = 0C78AA7E1FA4D46300940B11;
			productRefGroup = 0C78AA881FA4D46400940B11 /* Products */;
			projectDirPath = "";
			projectRoot = "";
			targets = (
				0C78AA861FA4D46400940B11 /* CoffeeShop */,
				0C78AA9A1FA4D46400940B11 /* CoffeeShopTests */,
				0C78AAA51FA4D46500940B11 /* CoffeeShopUITests */,
			);
		};
/* End PBXProject section */

/* Begin PBXResourcesBuildPhase section */
		0C78AA851FA4D46400940B11 /* Resources */ = {
			isa = PBXResourcesBuildPhase;
			buildActionMask = 2147483647;
			files = (
				0C78AA951FA4D46400940B11 /* LaunchScreen.storyboard in Resources */,
				0C78AA921FA4D46400940B11 /* Assets.xcassets in Resources */,
				0C78AA901FA4D46400940B11 /* Main.storyboard in Resources */,
			);
			runOnlyForDeploymentPostprocessing = 0;
		};
		0C78AA991FA4D46400940B11 /* Resources */ = {
			isa = PBXResourcesBuildPhase;
			buildActionMask = 2147483647;
			files = (
			);
			runOnlyForDeploymentPostprocessing = 0;
		};
		0C78AAA41FA4D46500940B11 /* Resources */ = {
			isa = PBXResourcesBuildPhase;
			buildActionMask = 2147483647;
			files = (
			);
			runOnlyForDeploymentPostprocessing = 0;
		};
/* End PBXResourcesBuildPhase section */

/* Begin PBXSourcesBuildPhase section */
		0C78AA831FA4D46400940B11 /* Sources */ = {
			isa = PBXSourcesBuildPhase;
			buildActionMask = 2147483647;
			files = (
				0C78AA8D1FA4D46400940B11 /* ViewController.swift in Sources */,
				0C78AA8B1FA4D46400940B11 /* AppDelegate.swift in Sources */,
			);
			runOnlyForDeploymentPostprocessing = 0;
		};
		0C78AA971FA4D46400940B11 /* Sources */ = {
			isa = PBXSourcesBuildPhase;
			buildActionMask = 2147483647;
			files = (
				0C78AAA01FA4D46400940B11 /* CoffeeShopTests.swift in Sources */,
			);
			runOnlyForDeploymentPostprocessing = 0;
		};
		0C78AAA21FA4D46500940B11 /* Sources */ = {
			isa = PBXSourcesBuildPhase;
			buildActionMask = 2147483647;
			files = (
				0C78AAAB1FA4D46500940B11 /* CoffeeShopUITests.swift in Sources */,
			);
			runOnlyForDeploymentPostprocessing = 0;
		};
/* End PBXSourcesBuildPhase section */

/* Begin PBXTargetDependency section */
		0C78AA9D1FA4D46400940B11 /* PBXTargetDependency */ = {
			isa = PBXTargetDependency;
			target = 0C78AA861FA4D46400940B11 /* CoffeeShop */;
			targetProxy = 0C78AA9C1FA4D46400940B11 /* PBXContainerItemProxy */;
		};
		0C78AAA81FA4D46500940B11 /* PBXTargetDependency */ = {
			isa = PBXTargetDependency;
			target = 0C78AA861FA4D46400940B11 /* CoffeeShop */;
			targetProxy = 0C78AAA71FA4D46500940B11 /* PBXContainerItemProxy */;
		};
/* End PBXTargetDependency section */

/* Begin PBXVariantGroup section */
		0C78AA8E1FA4D46400940B11 /* Main.storyboard */ = {
			isa = PBXVariantGroup;
			children = (
				0C78AA8F1FA4D46400940B11 /* Base */,
			);
			name = Main.storyboard;
			sourceTree = "<group>";
		};
		0C78AA931FA4D46400940B11 /* LaunchScreen.storyboard */ = {
			isa = PBXVariantGroup;
			children = (
				0C78AA941FA4D46400940B11 /* Base */,
			);
			name = LaunchScreen.storyboard;
			sourceTree = "<group>";
		};
/* End PBXVariantGroup section */

/* Begin XCBuildConfiguration section */
		0C78AAAD1FA4D46500940B11 /* Debug */ = {
			isa = XCBuildConfiguration;
			buildSettings = {
				ALWAYS_SEARCH_USER_PATHS = NO;
				CLANG_ANALYZER_NONNULL = YES;
				CLANG_ANALYZER_NUMBER_OBJECT_CONVERSION = YES_AGGRESSIVE;
				CLANG_CXX_LANGUAGE_STANDARD = "gnu++14";
				CLANG_CXX_LIBRARY = "libc++";
				CLANG_ENABLE_MODULES = YES;
				CLANG_ENABLE_OBJC_ARC = YES;
				CLANG_WARN_BLOCK_CAPTURE_AUTORELEASING = YES;
				CLANG_WARN_BOOL_CONVERSION = YES;
				CLANG_WARN_COMMA = YES;
				CLANG_WARN_CONSTANT_CONVERSION = YES;
				CLANG_WARN_DIRECT_OBJC_ISA_USAGE = YES_ERROR;
				CLANG_WARN_DOCUMENTATION_COMMENTS = YES;
				CLANG_WARN_EMPTY_BODY = YES;
				CLANG_WARN_ENUM_CONVERSION = YES;
				CLANG_WARN_INFINITE_RECURSION = YES;
				CLANG_WARN_INT_CONVERSION = YES;
				CLANG_WARN_NON_LITERAL_NULL_CONVERSION = YES;
				CLANG_WARN_OBJC_LITERAL_CONVERSION = YES;
				CLANG_WARN_OBJC_ROOT_CLASS = YES_ERROR;
				CLANG_WARN_RANGE_LOOP_ANALYSIS = YES;
				CLANG_WARN_STRICT_PROTOTYPES = YES;
				CLANG_WARN_SUSPICIOUS_MOVE = YES;
				CLANG_WARN_UNGUARDED_AVAILABILITY = YES_AGGRESSIVE;
				CLANG_WARN_UNREACHABLE_CODE = YES;
				CLANG_WARN__DUPLICATE_METHOD_MATCH = YES;
				CODE_SIGN_IDENTITY = "iPhone Developer";
				COPY_PHASE_STRIP = NO;
				DEBUG_INFORMATION_FORMAT = dwarf;
				ENABLE_STRICT_OBJC_MSGSEND = YES;
				ENABLE_TESTABILITY = YES;
				GCC_C_LANGUAGE_STANDARD = gnu11;
				GCC_DYNAMIC_NO_PIC = NO;
				GCC_NO_COMMON_BLOCKS = YES;
				GCC_OPTIMIZATION_LEVEL = 0;
				GCC_PREPROCESSOR_DEFINITIONS = (
					"DEBUG=1",
					"$(inherited)",
				);
				GCC_WARN_64_TO_32_BIT_CONVERSION = YES;
				GCC_WARN_ABOUT_RETURN_TYPE = YES_ERROR;
				GCC_WARN_UNDECLARED_SELECTOR = YES;
				GCC_WARN_UNINITIALIZED_AUTOS = YES_AGGRESSIVE;
				GCC_WARN_UNUSED_FUNCTION = YES;
				GCC_WARN_UNUSED_VARIABLE = YES;
				IPHONEOS_DEPLOYMENT_TARGET = 11.0;
				MTL_ENABLE_DEBUG_INFO = YES;
				ONLY_ACTIVE_ARCH = YES;
				SDKROOT = iphoneos;
				SWIFT_ACTIVE_COMPILATION_CONDITIONS = DEBUG;
				SWIFT_OPTIMIZATION_LEVEL = "-Onone";
			};
			name = Debug;
		};
		0C78AAAE1FA4D46500940B11 /* Release */ = {
			isa = XCBuildConfiguration;
			buildSettings = {
				ALWAYS_SEARCH_USER_PATHS = NO;
				CLANG_ANALYZER_NONNULL = YES;
				CLANG_ANALYZER_NUMBER_OBJECT_CONVERSION = YES_AGGRESSIVE;
				CLANG_CXX_LANGUAGE_STANDARD = "gnu++14";
				CLANG_CXX_LIBRARY = "libc++";
				CLANG_ENABLE_MODULES = YES;
				CLANG_ENABLE_OBJC_ARC = YES;
				CLANG_WARN_BLOCK_CAPTURE_AUTORELEASING = YES;
				CLANG_WARN_BOOL_CONVERSION = YES;
				CLANG_WARN_COMMA = YES;
				CLANG_WARN_CONSTANT_CONVERSION = YES;
				CLANG_WARN_DIRECT_OBJC_ISA_USAGE = YES_ERROR;
				CLANG_WARN_DOCUMENTATION_COMMENTS = YES;
				CLANG_WARN_EMPTY_BODY = YES;
				CLANG_WARN_ENUM_CONVERSION = YES;
				CLANG_WARN_INFINITE_RECURSION = YES;
				CLANG_WARN_INT_CONVERSION = YES;
				CLANG_WARN_NON_LITERAL_NULL_CONVERSION = YES;
				CLANG_WARN_OBJC_LITERAL_CONVERSION = YES;
				CLANG_WARN_OBJC_ROOT_CLASS = YES_ERROR;
				CLANG_WARN_RANGE_LOOP_ANALYSIS = YES;
				CLANG_WARN_STRICT_PROTOTYPES = YES;
				CLANG_WARN_SUSPICIOUS_MOVE = YES;
				CLANG_WARN_UNGUARDED_AVAILABILITY = YES_AGGRESSIVE;
				CLANG_WARN_UNREACHABLE_CODE = YES;
				CLANG_WARN__DUPLICATE_METHOD_MATCH = YES;
				CODE_SIGN_IDENTITY = "iPhone Developer";
				COPY_PHASE_STRIP = NO;
				DEBUG_INFORMATION_FORMAT = "dwarf-with-dsym";
				ENABLE_NS_ASSERTIONS = NO;
				ENABLE_STRICT_OBJC_MSGSEND = YES;
				GCC_C_LANGUAGE_STANDARD = gnu11;
				GCC_NO_COMMON_BLOCKS = YES;
				GCC_WARN_64_TO_32_BIT_CONVERSION = YES;
				GCC_WARN_ABOUT_RETURN_TYPE = YES_ERROR;
				GCC_WARN_UNDECLARED_SELECTOR = YES;
				GCC_WARN_UNINITIALIZED_AUTOS = YES_AGGRESSIVE;
				GCC_WARN_UNUSED_FUNCTION = YES;
				GCC_WARN_UNUSED_VARIABLE = YES;
				IPHONEOS_DEPLOYMENT_TARGET = 11.0;
				MTL_ENABLE_DEBUG_INFO = NO;
				SDKROOT = iphoneos;
				SWIFT_OPTIMIZATION_LEVEL = "-Owholemodule";
				VALIDATE_PRODUCT = YES;
			};
			name = Release;
		};
		0C78AAB01FA4D46500940B11 /* Debug */ = {
			isa = XCBuildConfiguration;
			buildSettings = {
				ASSETCATALOG_COMPILER_APPICON_NAME = AppIcon;
				CODE_SIGN_STYLE = Automatic;
				DEVELOPMENT_TEAM = 62G4RHB5VM;
				INFOPLIST_FILE = CoffeeShop/Info.plist;
				LD_RUNPATH_SEARCH_PATHS = "$(inherited) @executable_path/Frameworks";
				PRODUCT_BUNDLE_IDENTIFIER = com.phantuanvi.CoffeeShop;
				PRODUCT_NAME = "$(TARGET_NAME)";
				SWIFT_VERSION = 4.0;
				TARGETED_DEVICE_FAMILY = "1,2";
			};
			name = Debug;
		};
		0C78AAB11FA4D46500940B11 /* Release */ = {
			isa = XCBuildConfiguration;
			buildSettings = {
				ASSETCATALOG_COMPILER_APPICON_NAME = AppIcon;
				CODE_SIGN_STYLE = Automatic;
				DEVELOPMENT_TEAM = 62G4RHB5VM;
				INFOPLIST_FILE = CoffeeShop/Info.plist;
				LD_RUNPATH_SEARCH_PATHS = "$(inherited) @executable_path/Frameworks";
				PRODUCT_BUNDLE_IDENTIFIER = com.phantuanvi.CoffeeShop;
				PRODUCT_NAME = "$(TARGET_NAME)";
				SWIFT_VERSION = 4.0;
				TARGETED_DEVICE_FAMILY = "1,2";
			};
			name = Release;
		};
		0C78AAB31FA4D46500940B11 /* Debug */ = {
			isa = XCBuildConfiguration;
			buildSettings = {
				ALWAYS_EMBED_SWIFT_STANDARD_LIBRARIES = YES;
				BUNDLE_LOADER = "$(TEST_HOST)";
				CODE_SIGN_STYLE = Automatic;
				DEVELOPMENT_TEAM = 62G4RHB5VM;
				INFOPLIST_FILE = CoffeeShopTests/Info.plist;
				LD_RUNPATH_SEARCH_PATHS = "$(inherited) @executable_path/Frameworks @loader_path/Frameworks";
				PRODUCT_BUNDLE_IDENTIFIER = com.phantuanvi.CoffeeShopTests;
				PRODUCT_NAME = "$(TARGET_NAME)";
				SWIFT_VERSION = 4.0;
				TARGETED_DEVICE_FAMILY = "1,2";
				TEST_HOST = "$(BUILT_PRODUCTS_DIR)/CoffeeShop.app/CoffeeShop";
			};
			name = Debug;
		};
		0C78AAB41FA4D46500940B11 /* Release */ = {
			isa = XCBuildConfiguration;
			buildSettings = {
				ALWAYS_EMBED_SWIFT_STANDARD_LIBRARIES = YES;
				BUNDLE_LOADER = "$(TEST_HOST)";
				CODE_SIGN_STYLE = Automatic;
				DEVELOPMENT_TEAM = 62G4RHB5VM;
				INFOPLIST_FILE = CoffeeShopTests/Info.plist;
				LD_RUNPATH_SEARCH_PATHS = "$(inherited) @executable_path/Frameworks @loader_path/Frameworks";
				PRODUCT_BUNDLE_IDENTIFIER = com.phantuanvi.CoffeeShopTests;
				PRODUCT_NAME = "$(TARGET_NAME)";
				SWIFT_VERSION = 4.0;
				TARGETED_DEVICE_FAMILY = "1,2";
				TEST_HOST = "$(BUILT_PRODUCTS_DIR)/CoffeeShop.app/CoffeeShop";
			};
			name = Release;
		};
		0C78AAB61FA4D46500940B11 /* Debug */ = {
			isa = XCBuildConfiguration;
			buildSettings = {
				ALWAYS_EMBED_SWIFT_STANDARD_LIBRARIES = YES;
				CODE_SIGN_STYLE = Automatic;
				DEVELOPMENT_TEAM = 62G4RHB5VM;
				INFOPLIST_FILE = CoffeeShopUITests/Info.plist;
				LD_RUNPATH_SEARCH_PATHS = "$(inherited) @executable_path/Frameworks @loader_path/Frameworks";
				PRODUCT_BUNDLE_IDENTIFIER = com.phantuanvi.CoffeeShopUITests;
				PRODUCT_NAME = "$(TARGET_NAME)";
				SWIFT_VERSION = 4.0;
				TARGETED_DEVICE_FAMILY = "1,2";
				TEST_TARGET_NAME = CoffeeShop;
			};
			name = Debug;
		};
		0C78AAB71FA4D46500940B11 /* Release */ = {
			isa = XCBuildConfiguration;
			buildSettings = {
				ALWAYS_EMBED_SWIFT_STANDARD_LIBRARIES = YES;
				CODE_SIGN_STYLE = Automatic;
				DEVELOPMENT_TEAM = 62G4RHB5VM;
				INFOPLIST_FILE = CoffeeShopUITests/Info.plist;
				LD_RUNPATH_SEARCH_PATHS = "$(inherited) @executable_path/Frameworks @loader_path/Frameworks";
				PRODUCT_BUNDLE_IDENTIFIER = com.phantuanvi.CoffeeShopUITests;
				PRODUCT_NAME = "$(TARGET_NAME)";
				SWIFT_VERSION = 4.0;
				TARGETED_DEVICE_FAMILY = "1,2";
				TEST_TARGET_NAME = CoffeeShop;
			};
			name = Release;
		};
/* End XCBuildConfiguration section */

/* Begin XCConfigurationList section */
		0C78AA821FA4D46300940B11 /* Build configuration list for PBXProject "CoffeeShop" */ = {
			isa = XCConfigurationList;
			buildConfigurations = (
				0C78AAAD1FA4D46500940B11 /* Debug */,
				0C78AAAE1FA4D46500940B11 /* Release */,
			);
			defaultConfigurationIsVisible = 0;
			defaultConfigurationName = Release;
		};
		0C78AAAF1FA4D46500940B11 /* Build configuration list for PBXNativeTarget "CoffeeShop" */ = {
			isa = XCConfigurationList;
			buildConfigurations = (
				0C78AAB01FA4D46500940B11 /* Debug */,
				0C78AAB11FA4D46500940B11 /* Release */,
			);
			defaultConfigurationIsVisible = 0;
			defaultConfigurationName = Release;
		};
		0C78AAB21FA4D46500940B11 /* Build configuration list for PBXNativeTarget "CoffeeShopTests" */ = {
			isa = XCConfigurationList;
			buildConfigurations = (
				0C78AAB31FA4D46500940B11 /* Debug */,
				0C78AAB41FA4D46500940B11 /* Release */,
			);
			defaultConfigurationIsVisible = 0;
			defaultConfigurationName = Release;
		};
		0C78AAB51FA4D46500940B11 /* Build configuration list for PBXNativeTarget "CoffeeShopUITests" */ = {
			isa = XCConfigurationList;
			buildConfigurations = (
				0C78AAB61FA4D46500940B11 /* Debug */,
				0C78AAB71FA4D46500940B11 /* Release */,
			);
			defaultConfigurationIsVisible = 0;
			defaultConfigurationName = Release;
		};
/* End XCConfigurationList section */
	};
	rootObject = 0C78AA7F1FA4D46300940B11 /* Project object */;
}
