// !$*UTF8*$!
{
	archiveVersion = 1;
	classes = {
	};
	objectVersion = 48;
	objects = {

/* Begin PBXBuildFile section */
		0C223A281FA586F800EDBBCE /* MenuDetailView.swift in Sources */ = {isa = PBXBuildFile; fileRef = 0C223A271FA586F800EDBBCE /* MenuDetailView.swift */; };
		0C223A2D1FA590AA00EDBBCE /* OpenSans-BoldItalic.ttf in Resources */ = {isa = PBXBuildFile; fileRef = 0C223A291FA58F6800EDBBCE /* OpenSans-BoldItalic.ttf */; };
		0C223A2E1FA590AC00EDBBCE /* OpenSans-LightItalic.ttf in Resources */ = {isa = PBXBuildFile; fileRef = 0C223A2A1FA58F6900EDBBCE /* OpenSans-LightItalic.ttf */; };
		0C223A2F1FA590AE00EDBBCE /* OpenSans-Regular.ttf in Resources */ = {isa = PBXBuildFile; fileRef = 0C223A2B1FA58F6C00EDBBCE /* OpenSans-Regular.ttf */; };
		0C223A301FA590B000EDBBCE /* OpenSans-Semibold.ttf in Resources */ = {isa = PBXBuildFile; fileRef = 0C223A2C1FA58F6E00EDBBCE /* OpenSans-Semibold.ttf */; };
		0C56E1851FA63980001ED8B4 /* ForgotPasswordView.swift in Sources */ = {isa = PBXBuildFile; fileRef = 0C56E1841FA63980001ED8B4 /* ForgotPasswordView.swift */; };
		0C56E1871FA6399A001ED8B4 /* ForgotPasswordVC.swift in Sources */ = {isa = PBXBuildFile; fileRef = 0C56E1861FA6399A001ED8B4 /* ForgotPasswordVC.swift */; };
		0C78AA8B1FA4D46400940B11 /* AppDelegate.swift in Sources */ = {isa = PBXBuildFile; fileRef = 0C78AA8A1FA4D46400940B11 /* AppDelegate.swift */; };
		0C78AA921FA4D46400940B11 /* Assets.xcassets in Resources */ = {isa = PBXBuildFile; fileRef = 0C78AA911FA4D46400940B11 /* Assets.xcassets */; };
		0C78AA951FA4D46400940B11 /* LaunchScreen.storyboard in Resources */ = {isa = PBXBuildFile; fileRef = 0C78AA931FA4D46400940B11 /* LaunchScreen.storyboard */; };
		0C78AABF1FA4DA7E00940B11 /* WelcomeView.swift in Sources */ = {isa = PBXBuildFile; fileRef = 0C78AABE1FA4DA7E00940B11 /* WelcomeView.swift */; };
		0C78AAC01FA4DA7E00940B11 /* WelcomeView.swift in Sources */ = {isa = PBXBuildFile; fileRef = 0C78AABE1FA4DA7E00940B11 /* WelcomeView.swift */; };
		0C78AAC11FA4DA7E00940B11 /* WelcomeView.swift in Sources */ = {isa = PBXBuildFile; fileRef = 0C78AABE1FA4DA7E00940B11 /* WelcomeView.swift */; };
		0C78AAC31FA4DAA100940B11 /* WelcomeVC.swift in Sources */ = {isa = PBXBuildFile; fileRef = 0C78AAC21FA4DAA100940B11 /* WelcomeVC.swift */; };
		0C78AAC41FA4DAA100940B11 /* WelcomeVC.swift in Sources */ = {isa = PBXBuildFile; fileRef = 0C78AAC21FA4DAA100940B11 /* WelcomeVC.swift */; };
		0C78AAC51FA4DAA100940B11 /* WelcomeVC.swift in Sources */ = {isa = PBXBuildFile; fileRef = 0C78AAC21FA4DAA100940B11 /* WelcomeVC.swift */; };
		0C78AAC81FA4DAF700940B11 /* Color.swift in Sources */ = {isa = PBXBuildFile; fileRef = 0C78AAC61FA4DAF600940B11 /* Color.swift */; };
		0C78AAC91FA4DAF700940B11 /* Extensions.swift in Sources */ = {isa = PBXBuildFile; fileRef = 0C78AAC71FA4DAF600940B11 /* Extensions.swift */; };
		0C78AACE1FA4E91F00940B11 /* SignUpView.swift in Sources */ = {isa = PBXBuildFile; fileRef = 0C78AACD1FA4E91F00940B11 /* SignUpView.swift */; };
		0C78AAD01FA4E94900940B11 /* SignUpVC.swift in Sources */ = {isa = PBXBuildFile; fileRef = 0C78AACF1FA4E94900940B11 /* SignUpVC.swift */; };
		0C78AAD31FA4EB8E00940B11 /* SignInVC.swift in Sources */ = {isa = PBXBuildFile; fileRef = 0C78AAD21FA4EB8E00940B11 /* SignInVC.swift */; };
		0C78AAD51FA4EBA700940B11 /* SignInView.swift in Sources */ = {isa = PBXBuildFile; fileRef = 0C78AAD41FA4EBA700940B11 /* SignInView.swift */; };
		0C78AAD71FA4EEFB00940B11 /* SlideMenuController.swift in Sources */ = {isa = PBXBuildFile; fileRef = 0C78AAD61FA4EEFB00940B11 /* SlideMenuController.swift */; };
		0C78AADA1FA4EFAC00940B11 /* SideBarView.swift in Sources */ = {isa = PBXBuildFile; fileRef = 0C78AAD91FA4EFAC00940B11 /* SideBarView.swift */; };
		0C78AADC1FA4EFC400940B11 /* SideBarVC.swift in Sources */ = {isa = PBXBuildFile; fileRef = 0C78AADB1FA4EFC400940B11 /* SideBarVC.swift */; };
		0C78AADF1FA4F0A200940B11 /* MenuVC.swift in Sources */ = {isa = PBXBuildFile; fileRef = 0C78AADE1FA4F0A200940B11 /* MenuVC.swift */; };
		0C78AAE11FA4F0B600940B11 /* MenuView.swift in Sources */ = {isa = PBXBuildFile; fileRef = 0C78AAE01FA4F0B600940B11 /* MenuView.swift */; };
		0C78AAE31FA4F0CE00940B11 /* MenuTableViewCell.swift in Sources */ = {isa = PBXBuildFile; fileRef = 0C78AAE21FA4F0CE00940B11 /* MenuTableViewCell.swift */; };
		0C78AAE81FA4F97200940B11 /* FavoritesVC.swift in Sources */ = {isa = PBXBuildFile; fileRef = 0C78AAE71FA4F97200940B11 /* FavoritesVC.swift */; };
		0C78AAEC1FA4F9A000940B11 /* SettingsVC.swift in Sources */ = {isa = PBXBuildFile; fileRef = 0C78AAEB1FA4F9A000940B11 /* SettingsVC.swift */; };
		0C78AAEE1FA4FABC00940B11 /* FavoritesView.swift in Sources */ = {isa = PBXBuildFile; fileRef = 0C78AAED1FA4FABC00940B11 /* FavoritesView.swift */; };
		0C78AAF01FA4FB2A00940B11 /* FavoriteCollectionViewCell.swift in Sources */ = {isa = PBXBuildFile; fileRef = 0C78AAEF1FA4FB2A00940B11 /* FavoriteCollectionViewCell.swift */; };
		0C78AAF31FA501BF00940B11 /* MenuDetailVC.swift in Sources */ = {isa = PBXBuildFile; fileRef = 0C78AAF21FA501BF00940B11 /* MenuDetailVC.swift */; };
		0C78AAF51FA501E900940B11 /* MenuDetailTableViewCell.swift in Sources */ = {isa = PBXBuildFile; fileRef = 0C78AAF41FA501E900940B11 /* MenuDetailTableViewCell.swift */; };
		0C88FC621FA5989A00B16394 /* MenuDetailTableHeaderView.swift in Sources */ = {isa = PBXBuildFile; fileRef = 0C88FC611FA5989A00B16394 /* MenuDetailTableHeaderView.swift */; };
		0C88FC651FA5AF9F00B16394 /* ProductDetailView.swift in Sources */ = {isa = PBXBuildFile; fileRef = 0C88FC641FA5AF9F00B16394 /* ProductDetailView.swift */; };
		0C88FC671FA5AFB600B16394 /* ProductDetailVC.swift in Sources */ = {isa = PBXBuildFile; fileRef = 0C88FC661FA5AFB600B16394 /* ProductDetailVC.swift */; };
		0C88FC6A1FA5C0A900B16394 /* OrderSummaryVC.swift in Sources */ = {isa = PBXBuildFile; fileRef = 0C88FC691FA5C0A900B16394 /* OrderSummaryVC.swift */; };
		0C88FC6C1FA5C0CC00B16394 /* OrderSummaryView.swift in Sources */ = {isa = PBXBuildFile; fileRef = 0C88FC6B1FA5C0CC00B16394 /* OrderSummaryView.swift */; };
		0C88FC6E1FA5C0F900B16394 /* OrderSummaryTableViewCell.swift in Sources */ = {isa = PBXBuildFile; fileRef = 0C88FC6D1FA5C0F900B16394 /* OrderSummaryTableViewCell.swift */; };
		0C88FC791FA5F30B00B16394 /* GoogleService-Info.plist in Resources */ = {isa = PBXBuildFile; fileRef = 0C88FC781FA5F30B00B16394 /* GoogleService-Info.plist */; };
		13F511ABC424CA1045041081 /* Pods_CoffeeShop.framework in Frameworks */ = {isa = PBXBuildFile; fileRef = 15294FB2A44F7A7FC1BCCFAD /* Pods_CoffeeShop.framework */; };
/* End PBXBuildFile section */

/* Begin PBXContainerItemProxy section */
		0C78AA9C1FA4D46400940B11 /* PBXContainerItemProxy */ = {
			isa = PBXContainerItemProxy;
			containerPortal = 0C78AA7F1FA4D46300940B11 /* Project object */;
			proxyType = 1;
			remoteGlobalIDString = 0C78AA861FA4D46400940B11;
			remoteInfo = CoffeeShop;
		};
		0C78AAA71FA4D46500940B11 /* PBXContainerItemProxy */ = {
			isa = PBXContainerItemProxy;
			containerPortal = 0C78AA7F1FA4D46300940B11 /* Project object */;
			proxyType = 1;
			remoteGlobalIDString = 0C78AA861FA4D46400940B11;
			remoteInfo = CoffeeShop;
		};
/* End PBXContainerItemProxy section */

/* Begin PBXFileReference section */
		0C223A271FA586F800EDBBCE /* MenuDetailView.swift */ = {isa = PBXFileReference; lastKnownFileType = sourcecode.swift; path = MenuDetailView.swift; sourceTree = "<group>"; };
		0C223A291FA58F6800EDBBCE /* OpenSans-BoldItalic.ttf */ = {isa = PBXFileReference; lastKnownFileType = file; path = "OpenSans-BoldItalic.ttf"; sourceTree = "<group>"; };
		0C223A2A1FA58F6900EDBBCE /* OpenSans-LightItalic.ttf */ = {isa = PBXFileReference; lastKnownFileType = file; path = "OpenSans-LightItalic.ttf"; sourceTree = "<group>"; };
		0C223A2B1FA58F6C00EDBBCE /* OpenSans-Regular.ttf */ = {isa = PBXFileReference; lastKnownFileType = file; path = "OpenSans-Regular.ttf"; sourceTree = "<group>"; };
		0C223A2C1FA58F6E00EDBBCE /* OpenSans-Semibold.ttf */ = {isa = PBXFileReference; lastKnownFileType = file; path = "OpenSans-Semibold.ttf"; sourceTree = "<group>"; };
		0C56E1841FA63980001ED8B4 /* ForgotPasswordView.swift */ = {isa = PBXFileReference; lastKnownFileType = sourcecode.swift; path = ForgotPasswordView.swift; sourceTree = "<group>"; };
		0C56E1861FA6399A001ED8B4 /* ForgotPasswordVC.swift */ = {isa = PBXFileReference; lastKnownFileType = sourcecode.swift; path = ForgotPasswordVC.swift; sourceTree = "<group>"; };
		0C78AA871FA4D46400940B11 /* CoffeeShop.app */ = {isa = PBXFileReference; explicitFileType = wrapper.application; includeInIndex = 0; path = CoffeeShop.app; sourceTree = BUILT_PRODUCTS_DIR; };
		0C78AA8A1FA4D46400940B11 /* AppDelegate.swift */ = {isa = PBXFileReference; lastKnownFileType = sourcecode.swift; path = AppDelegate.swift; sourceTree = "<group>"; };
		0C78AA911FA4D46400940B11 /* Assets.xcassets */ = {isa = PBXFileReference; lastKnownFileType = folder.assetcatalog; path = Assets.xcassets; sourceTree = "<group>"; };
		0C78AA941FA4D46400940B11 /* Base */ = {isa = PBXFileReference; lastKnownFileType = file.storyboard; name = Base; path = Base.lproj/LaunchScreen.storyboard; sourceTree = "<group>"; };
		0C78AA961FA4D46400940B11 /* Info.plist */ = {isa = PBXFileReference; lastKnownFileType = text.plist.xml; path = Info.plist; sourceTree = "<group>"; };
		0C78AA9B1FA4D46400940B11 /* CoffeeShopTests.xctest */ = {isa = PBXFileReference; explicitFileType = wrapper.cfbundle; includeInIndex = 0; path = CoffeeShopTests.xctest; sourceTree = BUILT_PRODUCTS_DIR; };
		0C78AAA61FA4D46500940B11 /* CoffeeShopUITests.xctest */ = {isa = PBXFileReference; explicitFileType = wrapper.cfbundle; includeInIndex = 0; path = CoffeeShopUITests.xctest; sourceTree = BUILT_PRODUCTS_DIR; };
		0C78AABE1FA4DA7E00940B11 /* WelcomeView.swift */ = {isa = PBXFileReference; lastKnownFileType = sourcecode.swift; path = WelcomeView.swift; sourceTree = "<group>"; };
		0C78AAC21FA4DAA100940B11 /* WelcomeVC.swift */ = {isa = PBXFileReference; lastKnownFileType = sourcecode.swift; path = WelcomeVC.swift; sourceTree = "<group>"; };
		0C78AAC61FA4DAF600940B11 /* Color.swift */ = {isa = PBXFileReference; lastKnownFileType = sourcecode.swift; path = Color.swift; sourceTree = "<group>"; };
		0C78AAC71FA4DAF600940B11 /* Extensions.swift */ = {isa = PBXFileReference; lastKnownFileType = sourcecode.swift; path = Extensions.swift; sourceTree = "<group>"; };
		0C78AACD1FA4E91F00940B11 /* SignUpView.swift */ = {isa = PBXFileReference; lastKnownFileType = sourcecode.swift; path = SignUpView.swift; sourceTree = "<group>"; };
		0C78AACF1FA4E94900940B11 /* SignUpVC.swift */ = {isa = PBXFileReference; lastKnownFileType = sourcecode.swift; path = SignUpVC.swift; sourceTree = "<group>"; };
		0C78AAD21FA4EB8E00940B11 /* SignInVC.swift */ = {isa = PBXFileReference; lastKnownFileType = sourcecode.swift; path = SignInVC.swift; sourceTree = "<group>"; };
		0C78AAD41FA4EBA700940B11 /* SignInView.swift */ = {isa = PBXFileReference; lastKnownFileType = sourcecode.swift; path = SignInView.swift; sourceTree = "<group>"; };
		0C78AAD61FA4EEFB00940B11 /* SlideMenuController.swift */ = {isa = PBXFileReference; lastKnownFileType = sourcecode.swift; path = SlideMenuController.swift; sourceTree = "<group>"; };
		0C78AAD91FA4EFAC00940B11 /* SideBarView.swift */ = {isa = PBXFileReference; lastKnownFileType = sourcecode.swift; path = SideBarView.swift; sourceTree = "<group>"; };
		0C78AADB1FA4EFC400940B11 /* SideBarVC.swift */ = {isa = PBXFileReference; lastKnownFileType = sourcecode.swift; path = SideBarVC.swift; sourceTree = "<group>"; };
		0C78AADE1FA4F0A200940B11 /* MenuVC.swift */ = {isa = PBXFileReference; lastKnownFileType = sourcecode.swift; path = MenuVC.swift; sourceTree = "<group>"; };
		0C78AAE01FA4F0B600940B11 /* MenuView.swift */ = {isa = PBXFileReference; lastKnownFileType = sourcecode.swift; path = MenuView.swift; sourceTree = "<group>"; };
		0C78AAE21FA4F0CE00940B11 /* MenuTableViewCell.swift */ = {isa = PBXFileReference; lastKnownFileType = sourcecode.swift; path = MenuTableViewCell.swift; sourceTree = "<group>"; };
		0C78AAE71FA4F97200940B11 /* FavoritesVC.swift */ = {isa = PBXFileReference; lastKnownFileType = sourcecode.swift; path = FavoritesVC.swift; sourceTree = "<group>"; };
		0C78AAEB1FA4F9A000940B11 /* SettingsVC.swift */ = {isa = PBXFileReference; lastKnownFileType = sourcecode.swift; path = SettingsVC.swift; sourceTree = "<group>"; };
		0C78AAED1FA4FABC00940B11 /* FavoritesView.swift */ = {isa = PBXFileReference; lastKnownFileType = sourcecode.swift; path = FavoritesView.swift; sourceTree = "<group>"; };
		0C78AAEF1FA4FB2A00940B11 /* FavoriteCollectionViewCell.swift */ = {isa = PBXFileReference; lastKnownFileType = sourcecode.swift; path = FavoriteCollectionViewCell.swift; sourceTree = "<group>"; };
		0C78AAF21FA501BF00940B11 /* MenuDetailVC.swift */ = {isa = PBXFileReference; lastKnownFileType = sourcecode.swift; path = MenuDetailVC.swift; sourceTree = "<group>"; };
		0C78AAF41FA501E900940B11 /* MenuDetailTableViewCell.swift */ = {isa = PBXFileReference; lastKnownFileType = sourcecode.swift; path = MenuDetailTableViewCell.swift; sourceTree = "<group>"; };
		0C88FC611FA5989A00B16394 /* MenuDetailTableHeaderView.swift */ = {isa = PBXFileReference; lastKnownFileType = sourcecode.swift; path = MenuDetailTableHeaderView.swift; sourceTree = "<group>"; };
		0C88FC641FA5AF9F00B16394 /* ProductDetailView.swift */ = {isa = PBXFileReference; lastKnownFileType = sourcecode.swift; path = ProductDetailView.swift; sourceTree = "<group>"; };
		0C88FC661FA5AFB600B16394 /* ProductDetailVC.swift */ = {isa = PBXFileReference; lastKnownFileType = sourcecode.swift; path = ProductDetailVC.swift; sourceTree = "<group>"; };
		0C88FC691FA5C0A900B16394 /* OrderSummaryVC.swift */ = {isa = PBXFileReference; lastKnownFileType = sourcecode.swift; path = OrderSummaryVC.swift; sourceTree = "<group>"; };
		0C88FC6B1FA5C0CC00B16394 /* OrderSummaryView.swift */ = {isa = PBXFileReference; lastKnownFileType = sourcecode.swift; path = OrderSummaryView.swift; sourceTree = "<group>"; };
		0C88FC6D1FA5C0F900B16394 /* OrderSummaryTableViewCell.swift */ = {isa = PBXFileReference; lastKnownFileType = sourcecode.swift; path = OrderSummaryTableViewCell.swift; sourceTree = "<group>"; };
		0C88FC781FA5F30B00B16394 /* GoogleService-Info.plist */ = {isa = PBXFileReference; fileEncoding = 4; lastKnownFileType = text.plist.xml; path = "GoogleService-Info.plist"; sourceTree = "<group>"; };
		15294FB2A44F7A7FC1BCCFAD /* Pods_CoffeeShop.framework */ = {isa = PBXFileReference; explicitFileType = wrapper.framework; includeInIndex = 0; path = Pods_CoffeeShop.framework; sourceTree = BUILT_PRODUCTS_DIR; };
		2A1C5B3D824E20FB8713E6EA /* Pods-CoffeeShop.debug.xcconfig */ = {isa = PBXFileReference; includeInIndex = 1; lastKnownFileType = text.xcconfig; name = "Pods-CoffeeShop.debug.xcconfig"; path = "Pods/Target Support Files/Pods-CoffeeShop/Pods-CoffeeShop.debug.xcconfig"; sourceTree = "<group>"; };
		2B7DB005AA651FE12E580456 /* Pods-CoffeeShop.release.xcconfig */ = {isa = PBXFileReference; includeInIndex = 1; lastKnownFileType = text.xcconfig; name = "Pods-CoffeeShop.release.xcconfig"; path = "Pods/Target Support Files/Pods-CoffeeShop/Pods-CoffeeShop.release.xcconfig"; sourceTree = "<group>"; };
		7875EB04B9BF33810F583102 /* Pods_CoffeeShopUITests.framework */ = {isa = PBXFileReference; explicitFileType = wrapper.framework; includeInIndex = 0; path = Pods_CoffeeShopUITests.framework; sourceTree = BUILT_PRODUCTS_DIR; };
		AF24C37268F41C839FE0FD9B /* Pods_CoffeeShopTests.framework */ = {isa = PBXFileReference; explicitFileType = wrapper.framework; includeInIndex = 0; path = Pods_CoffeeShopTests.framework; sourceTree = BUILT_PRODUCTS_DIR; };
/* End PBXFileReference section */

/* Begin PBXFrameworksBuildPhase section */
		0C78AA841FA4D46400940B11 /* Frameworks */ = {
			isa = PBXFrameworksBuildPhase;
			buildActionMask = 2147483647;
			files = (
				13F511ABC424CA1045041081 /* Pods_CoffeeShop.framework in Frameworks */,
			);
			runOnlyForDeploymentPostprocessing = 0;
		};
		0C78AA981FA4D46400940B11 /* Frameworks */ = {
			isa = PBXFrameworksBuildPhase;
			buildActionMask = 2147483647;
			files = (
			);
			runOnlyForDeploymentPostprocessing = 0;
		};
		0C78AAA31FA4D46500940B11 /* Frameworks */ = {
			isa = PBXFrameworksBuildPhase;
			buildActionMask = 2147483647;
			files = (
			);
			runOnlyForDeploymentPostprocessing = 0;
		};
/* End PBXFrameworksBuildPhase section */

/* Begin PBXGroup section */
		0C56E1831FA6393D001ED8B4 /* ForgotPasswordVC */ = {
			isa = PBXGroup;
			children = (
				0C56E1841FA63980001ED8B4 /* ForgotPasswordView.swift */,
				0C56E1861FA6399A001ED8B4 /* ForgotPasswordVC.swift */,
			);
			path = ForgotPasswordVC;
			sourceTree = "<group>";
		};
		0C78AA7E1FA4D46300940B11 = {
			isa = PBXGroup;
			children = (
				0C78AA891FA4D46400940B11 /* CoffeeShop */,
				E95FBCC8F816B1A67CC87BAB /* Frameworks */,
				45B0668585D808EACB47E321 /* Pods */,
				0C78AA881FA4D46400940B11 /* Products */,
			);
			sourceTree = "<group>";
		};
		0C78AA881FA4D46400940B11 /* Products */ = {
			isa = PBXGroup;
			children = (
				0C78AA871FA4D46400940B11 /* CoffeeShop.app */,
				0C78AA9B1FA4D46400940B11 /* CoffeeShopTests.xctest */,
				0C78AAA61FA4D46500940B11 /* CoffeeShopUITests.xctest */,
			);
			name = Products;
			sourceTree = "<group>";
		};
		0C78AA891FA4D46400940B11 /* CoffeeShop */ = {
			isa = PBXGroup;
			children = (
				0C56E1831FA6393D001ED8B4 /* ForgotPasswordVC */,
				0C88FC681FA5C07500B16394 /* OrderSummaryVC */,
				0C88FC631FA5AF7F00B16394 /* ProductDetailVC */,
				0C78AAF11FA5017000940B11 /* MenuDetailVC */,
				0C78AAE61FA4F95000940B11 /* SettingsVC */,
				0C78AAE41FA4F93700940B11 /* FavoritesVC */,
				0C78AADD1FA4F08500940B11 /* MenuVC */,
				0C78AAD81FA4EF8200940B11 /* SideBarVC */,
				0C78AAD11FA4EB6E00940B11 /* SignInVC */,
				0C78AACC1FA4E8F200940B11 /* SignUpVC */,
				0C78AAB81FA4D9CB00940B11 /* Support */,
				0C78AABD1FA4DA5400940B11 /* WelcomeVC */,
				0C78AA8A1FA4D46400940B11 /* AppDelegate.swift */,
			);
			path = CoffeeShop;
			sourceTree = "<group>";
		};
		0C78AAB81FA4D9CB00940B11 /* Support */ = {
			isa = PBXGroup;
			children = (
				0C88FC781FA5F30B00B16394 /* GoogleService-Info.plist */,
				0C78AAD61FA4EEFB00940B11 /* SlideMenuController.swift */,
				0C78AA911FA4D46400940B11 /* Assets.xcassets */,
				0C78AAC61FA4DAF600940B11 /* Color.swift */,
				0C78AAC71FA4DAF600940B11 /* Extensions.swift */,
				0C78AA961FA4D46400940B11 /* Info.plist */,
				0C223A291FA58F6800EDBBCE /* OpenSans-BoldItalic.ttf */,
				0C223A2A1FA58F6900EDBBCE /* OpenSans-LightItalic.ttf */,
				0C223A2B1FA58F6C00EDBBCE /* OpenSans-Regular.ttf */,
				0C223A2C1FA58F6E00EDBBCE /* OpenSans-Semibold.ttf */,
				0C78AA931FA4D46400940B11 /* LaunchScreen.storyboard */,
			);
			path = Support;
			sourceTree = "<group>";
		};
		0C78AABD1FA4DA5400940B11 /* WelcomeVC */ = {
			isa = PBXGroup;
			children = (
				0C78AAC21FA4DAA100940B11 /* WelcomeVC.swift */,
				0C78AABE1FA4DA7E00940B11 /* WelcomeView.swift */,
			);
			path = WelcomeVC;
			sourceTree = "<group>";
		};
		0C78AACC1FA4E8F200940B11 /* SignUpVC */ = {
			isa = PBXGroup;
			children = (
				0C78AACF1FA4E94900940B11 /* SignUpVC.swift */,
				0C78AACD1FA4E91F00940B11 /* SignUpView.swift */,
			);
			path = SignUpVC;
			sourceTree = "<group>";
		};
		0C78AAD11FA4EB6E00940B11 /* SignInVC */ = {
			isa = PBXGroup;
			children = (
				0C78AAD21FA4EB8E00940B11 /* SignInVC.swift */,
				0C78AAD41FA4EBA700940B11 /* SignInView.swift */,
			);
			path = SignInVC;
			sourceTree = "<group>";
		};
		0C78AAD81FA4EF8200940B11 /* SideBarVC */ = {
			isa = PBXGroup;
			children = (
				0C78AAD91FA4EFAC00940B11 /* SideBarView.swift */,
				0C78AADB1FA4EFC400940B11 /* SideBarVC.swift */,
			);
			path = SideBarVC;
			sourceTree = "<group>";
		};
		0C78AADD1FA4F08500940B11 /* MenuVC */ = {
			isa = PBXGroup;
			children = (
				0C78AADE1FA4F0A200940B11 /* MenuVC.swift */,
				0C78AAE01FA4F0B600940B11 /* MenuView.swift */,
				0C78AAE21FA4F0CE00940B11 /* MenuTableViewCell.swift */,
			);
			path = MenuVC;
			sourceTree = "<group>";
		};
		0C78AAE41FA4F93700940B11 /* FavoritesVC */ = {
			isa = PBXGroup;
			children = (
				0C78AAE71FA4F97200940B11 /* FavoritesVC.swift */,
				0C78AAEF1FA4FB2A00940B11 /* FavoriteCollectionViewCell.swift */,
				0C78AAED1FA4FABC00940B11 /* FavoritesView.swift */,
			);
			path = FavoritesVC;
			sourceTree = "<group>";
		};
		0C78AAE61FA4F95000940B11 /* SettingsVC */ = {
			isa = PBXGroup;
			children = (
				0C78AAEB1FA4F9A000940B11 /* SettingsVC.swift */,
			);
			path = SettingsVC;
			sourceTree = "<group>";
		};
		0C78AAF11FA5017000940B11 /* MenuDetailVC */ = {
			isa = PBXGroup;
			children = (
				0C78AAF21FA501BF00940B11 /* MenuDetailVC.swift */,
				0C223A271FA586F800EDBBCE /* MenuDetailView.swift */,
				0C78AAF41FA501E900940B11 /* MenuDetailTableViewCell.swift */,
				0C88FC611FA5989A00B16394 /* MenuDetailTableHeaderView.swift */,
			);
			path = MenuDetailVC;
			sourceTree = "<group>";
		};
		0C88FC631FA5AF7F00B16394 /* ProductDetailVC */ = {
			isa = PBXGroup;
			children = (
				0C88FC641FA5AF9F00B16394 /* ProductDetailView.swift */,
				0C88FC661FA5AFB600B16394 /* ProductDetailVC.swift */,
			);
			path = ProductDetailVC;
			sourceTree = "<group>";
		};
		0C88FC681FA5C07500B16394 /* OrderSummaryVC */ = {
			isa = PBXGroup;
			children = (
				0C88FC691FA5C0A900B16394 /* OrderSummaryVC.swift */,
				0C88FC6B1FA5C0CC00B16394 /* OrderSummaryView.swift */,
				0C88FC6D1FA5C0F900B16394 /* OrderSummaryTableViewCell.swift */,
			);
			path = OrderSummaryVC;
			sourceTree = "<group>";
		};
		45B0668585D808EACB47E321 /* Pods */ = {
			isa = PBXGroup;
			children = (
				2A1C5B3D824E20FB8713E6EA /* Pods-CoffeeShop.debug.xcconfig */,
				2B7DB005AA651FE12E580456 /* Pods-CoffeeShop.release.xcconfig */,
			);
			name = Pods;
			sourceTree = "<group>";
		};
		E95FBCC8F816B1A67CC87BAB /* Frameworks */ = {
			isa = PBXGroup;
			children = (
				15294FB2A44F7A7FC1BCCFAD /* Pods_CoffeeShop.framework */,
				AF24C37268F41C839FE0FD9B /* Pods_CoffeeShopTests.framework */,
				7875EB04B9BF33810F583102 /* Pods_CoffeeShopUITests.framework */,
			);
			name = Frameworks;
			sourceTree = "<group>";
		};
/* End PBXGroup section */

/* Begin PBXNativeTarget section */
		0C78AA861FA4D46400940B11 /* CoffeeShop */ = {
			isa = PBXNativeTarget;
			buildConfigurationList = 0C78AAAF1FA4D46500940B11 /* Build configuration list for PBXNativeTarget "CoffeeShop" */;
			buildPhases = (
				BF2C7191EC5ADC3C3C68E8C9 /* [CP] Check Pods Manifest.lock */,
				0C78AA831FA4D46400940B11 /* Sources */,
				0C78AA841FA4D46400940B11 /* Frameworks */,
				0C78AA851FA4D46400940B11 /* Resources */,
				1CA1A59CFFD9F9F54EDB16E8 /* [CP] Embed Pods Frameworks */,
				BF6CC4377AA35D3D6D2B8B95 /* [CP] Copy Pods Resources */,
			);
			buildRules = (
			);
			dependencies = (
			);
			name = CoffeeShop;
			productName = CoffeeShop;
			productReference = 0C78AA871FA4D46400940B11 /* CoffeeShop.app */;
			productType = "com.apple.product-type.application";
		};
		0C78AA9A1FA4D46400940B11 /* CoffeeShopTests */ = {
			isa = PBXNativeTarget;
			buildConfigurationList = 0C78AAB21FA4D46500940B11 /* Build configuration list for PBXNativeTarget "CoffeeShopTests" */;
			buildPhases = (
				0C78AA971FA4D46400940B11 /* Sources */,
				0C78AA981FA4D46400940B11 /* Frameworks */,
				0C78AA991FA4D46400940B11 /* Resources */,
			);
			buildRules = (
			);
			dependencies = (
				0C78AA9D1FA4D46400940B11 /* PBXTargetDependency */,
			);
			name = CoffeeShopTests;
			productName = CoffeeShopTests;
			productReference = 0C78AA9B1FA4D46400940B11 /* CoffeeShopTests.xctest */;
			productType = "com.apple.product-type.bundle.unit-test";
		};
		0C78AAA51FA4D46500940B11 /* CoffeeShopUITests */ = {
			isa = PBXNativeTarget;
			buildConfigurationList = 0C78AAB51FA4D46500940B11 /* Build configuration list for PBXNativeTarget "CoffeeShopUITests" */;
			buildPhases = (
				0C78AAA21FA4D46500940B11 /* Sources */,
				0C78AAA31FA4D46500940B11 /* Frameworks */,
				0C78AAA41FA4D46500940B11 /* Resources */,
			);
			buildRules = (
			);
			dependencies = (
				0C78AAA81FA4D46500940B11 /* PBXTargetDependency */,
			);
			name = CoffeeShopUITests;
			productName = CoffeeShopUITests;
			productReference = 0C78AAA61FA4D46500940B11 /* CoffeeShopUITests.xctest */;
			productType = "com.apple.product-type.bundle.ui-testing";
		};
/* End PBXNativeTarget section */

/* Begin PBXProject section */
		0C78AA7F1FA4D46300940B11 /* Project object */ = {
			isa = PBXProject;
			attributes = {
				LastSwiftUpdateCheck = 0900;
				LastUpgradeCheck = 0900;
				ORGANIZATIONNAME = "TuanVi Phan";
				TargetAttributes = {
					0C78AA861FA4D46400940B11 = {
						CreatedOnToolsVersion = 9.0;
						ProvisioningStyle = Automatic;
					};
					0C78AA9A1FA4D46400940B11 = {
						CreatedOnToolsVersion = 9.0;
						ProvisioningStyle = Automatic;
						TestTargetID = 0C78AA861FA4D46400940B11;
					};
					0C78AAA51FA4D46500940B11 = {
						CreatedOnToolsVersion = 9.0;
						ProvisioningStyle = Automatic;
						TestTargetID = 0C78AA861FA4D46400940B11;
					};
				};
			};
			buildConfigurationList = 0C78AA821FA4D46300940B11 /* Build configuration list for PBXProject "CoffeeShop" */;
			compatibilityVersion = "Xcode 8.0";
			developmentRegion = en;
			hasScannedForEncodings = 0;
			knownRegions = (
				en,
				Base,
			);
			mainGroup = 0C78AA7E1FA4D46300940B11;
			productRefGroup = 0C78AA881FA4D46400940B11 /* Products */;
			projectDirPath = "";
			projectRoot = "";
			targets = (
				0C78AA861FA4D46400940B11 /* CoffeeShop */,
				0C78AA9A1FA4D46400940B11 /* CoffeeShopTests */,
				0C78AAA51FA4D46500940B11 /* CoffeeShopUITests */,
			);
		};
/* End PBXProject section */

/* Begin PBXResourcesBuildPhase section */
		0C78AA851FA4D46400940B11 /* Resources */ = {
			isa = PBXResourcesBuildPhase;
			buildActionMask = 2147483647;
			files = (
				0C223A301FA590B000EDBBCE /* OpenSans-Semibold.ttf in Resources */,
				0C223A2F1FA590AE00EDBBCE /* OpenSans-Regular.ttf in Resources */,
				0C223A2D1FA590AA00EDBBCE /* OpenSans-BoldItalic.ttf in Resources */,
				0C78AA951FA4D46400940B11 /* LaunchScreen.storyboard in Resources */,
				0C223A2E1FA590AC00EDBBCE /* OpenSans-LightItalic.ttf in Resources */,
				0C78AA921FA4D46400940B11 /* Assets.xcassets in Resources */,
				0C88FC791FA5F30B00B16394 /* GoogleService-Info.plist in Resources */,
			);
			runOnlyForDeploymentPostprocessing = 0;
		};
		0C78AA991FA4D46400940B11 /* Resources */ = {
			isa = PBXResourcesBuildPhase;
			buildActionMask = 2147483647;
			files = (
			);
			runOnlyForDeploymentPostprocessing = 0;
		};
		0C78AAA41FA4D46500940B11 /* Resources */ = {
			isa = PBXResourcesBuildPhase;
			buildActionMask = 2147483647;
			files = (
			);
			runOnlyForDeploymentPostprocessing = 0;
		};
/* End PBXResourcesBuildPhase section */

/* Begin PBXShellScriptBuildPhase section */
		1CA1A59CFFD9F9F54EDB16E8 /* [CP] Embed Pods Frameworks */ = {
			isa = PBXShellScriptBuildPhase;
			buildActionMask = 2147483647;
			files = (
			);
			inputPaths = (
				"${SRCROOT}/Pods/Target Support Files/Pods-CoffeeShop/Pods-CoffeeShop-frameworks.sh",
				"${BUILT_PRODUCTS_DIR}/Bolts/Bolts.framework",
				"${BUILT_PRODUCTS_DIR}/FBSDKCoreKit/FBSDKCoreKit.framework",
				"${BUILT_PRODUCTS_DIR}/FBSDKLoginKit/FBSDKLoginKit.framework",
				"${BUILT_PRODUCTS_DIR}/GTMOAuth2/GTMOAuth2.framework",
				"${BUILT_PRODUCTS_DIR}/GTMSessionFetcher/GTMSessionFetcher.framework",
				"${BUILT_PRODUCTS_DIR}/GoogleToolboxForMac/GoogleToolboxForMac.framework",
				"${BUILT_PRODUCTS_DIR}/QuickTableViewController/QuickTableViewController.framework",
				"${BUILT_PRODUCTS_DIR}/SteviaLayout/Stevia.framework",
				"${BUILT_PRODUCTS_DIR}/ZHDropDownMenu/ZHDropDownMenu.framework",
				"${BUILT_PRODUCTS_DIR}/nanopb/nanopb.framework",
			);
			name = "[CP] Embed Pods Frameworks";
			outputPaths = (
				"${TARGET_BUILD_DIR}/${FRAMEWORKS_FOLDER_PATH}/Bolts.framework",
				"${TARGET_BUILD_DIR}/${FRAMEWORKS_FOLDER_PATH}/FBSDKCoreKit.framework",
				"${TARGET_BUILD_DIR}/${FRAMEWORKS_FOLDER_PATH}/FBSDKLoginKit.framework",
				"${TARGET_BUILD_DIR}/${FRAMEWORKS_FOLDER_PATH}/GTMOAuth2.framework",
				"${TARGET_BUILD_DIR}/${FRAMEWORKS_FOLDER_PATH}/GTMSessionFetcher.framework",
				"${TARGET_BUILD_DIR}/${FRAMEWORKS_FOLDER_PATH}/GoogleToolboxForMac.framework",
				"${TARGET_BUILD_DIR}/${FRAMEWORKS_FOLDER_PATH}/QuickTableViewController.framework",
				"${TARGET_BUILD_DIR}/${FRAMEWORKS_FOLDER_PATH}/Stevia.framework",
				"${TARGET_BUILD_DIR}/${FRAMEWORKS_FOLDER_PATH}/ZHDropDownMenu.framework",
				"${TARGET_BUILD_DIR}/${FRAMEWORKS_FOLDER_PATH}/nanopb.framework",
			);
			runOnlyForDeploymentPostprocessing = 0;
			shellPath = /bin/sh;
			shellScript = "\"${SRCROOT}/Pods/Target Support Files/Pods-CoffeeShop/Pods-CoffeeShop-frameworks.sh\"\n";
			showEnvVarsInLog = 0;
		};
		BF2C7191EC5ADC3C3C68E8C9 /* [CP] Check Pods Manifest.lock */ = {
			isa = PBXShellScriptBuildPhase;
			buildActionMask = 2147483647;
			files = (
			);
			inputPaths = (
				"${PODS_PODFILE_DIR_PATH}/Podfile.lock",
				"${PODS_ROOT}/Manifest.lock",
			);
			name = "[CP] Check Pods Manifest.lock";
			outputPaths = (
				"$(DERIVED_FILE_DIR)/Pods-CoffeeShop-checkManifestLockResult.txt",
			);
			runOnlyForDeploymentPostprocessing = 0;
			shellPath = /bin/sh;
			shellScript = "diff \"${PODS_PODFILE_DIR_PATH}/Podfile.lock\" \"${PODS_ROOT}/Manifest.lock\" > /dev/null\nif [ $? != 0 ] ; then\n    # print error to STDERR\n    echo \"error: The sandbox is not in sync with the Podfile.lock. Run 'pod install' or update your CocoaPods installation.\" >&2\n    exit 1\nfi\n# This output is used by Xcode 'outputs' to avoid re-running this script phase.\necho \"SUCCESS\" > \"${SCRIPT_OUTPUT_FILE_0}\"\n";
			showEnvVarsInLog = 0;
		};
		BF6CC4377AA35D3D6D2B8B95 /* [CP] Copy Pods Resources */ = {
			isa = PBXShellScriptBuildPhase;
			buildActionMask = 2147483647;
			files = (
			);
			inputPaths = (
				"${SRCROOT}/Pods/Target Support Files/Pods-CoffeeShop/Pods-CoffeeShop-resources.sh",
				"${PODS_ROOT}/GoogleSignIn/Resources/GoogleSignIn.bundle",
			);
			name = "[CP] Copy Pods Resources";
			outputPaths = (
				"${TARGET_BUILD_DIR}/${UNLOCALIZED_RESOURCES_FOLDER_PATH}",
			);
			runOnlyForDeploymentPostprocessing = 0;
			shellPath = /bin/sh;
			shellScript = "\"${SRCROOT}/Pods/Target Support Files/Pods-CoffeeShop/Pods-CoffeeShop-resources.sh\"\n";
			showEnvVarsInLog = 0;
		};
/* End PBXShellScriptBuildPhase section */

/* Begin PBXSourcesBuildPhase section */
		0C78AA831FA4D46400940B11 /* Sources */ = {
			isa = PBXSourcesBuildPhase;
			buildActionMask = 2147483647;
			files = (
				0C78AAD51FA4EBA700940B11 /* SignInView.swift in Sources */,
				0C78AAD01FA4E94900940B11 /* SignUpVC.swift in Sources */,
				0C78AAC91FA4DAF700940B11 /* Extensions.swift in Sources */,
				0C78AAD31FA4EB8E00940B11 /* SignInVC.swift in Sources */,
				0C78AAF01FA4FB2A00940B11 /* FavoriteCollectionViewCell.swift in Sources */,
				0C78AAC31FA4DAA100940B11 /* WelcomeVC.swift in Sources */,
				0C78AADC1FA4EFC400940B11 /* SideBarVC.swift in Sources */,
				0C78AADF1FA4F0A200940B11 /* MenuVC.swift in Sources */,
				0C78AAE11FA4F0B600940B11 /* MenuView.swift in Sources */,
				0C56E1851FA63980001ED8B4 /* ForgotPasswordView.swift in Sources */,
				0C78AAE81FA4F97200940B11 /* FavoritesVC.swift in Sources */,
				0C78AADA1FA4EFAC00940B11 /* SideBarView.swift in Sources */,
				0C88FC671FA5AFB600B16394 /* ProductDetailVC.swift in Sources */,
				0C223A281FA586F800EDBBCE /* MenuDetailView.swift in Sources */,
				0C56E1871FA6399A001ED8B4 /* ForgotPasswordVC.swift in Sources */,
				0C78AAC81FA4DAF700940B11 /* Color.swift in Sources */,
				0C88FC6A1FA5C0A900B16394 /* OrderSummaryVC.swift in Sources */,
				0C78AAF31FA501BF00940B11 /* MenuDetailVC.swift in Sources */,
				0C88FC621FA5989A00B16394 /* MenuDetailTableHeaderView.swift in Sources */,
				0C78AAD71FA4EEFB00940B11 /* SlideMenuController.swift in Sources */,
				0C78AA8B1FA4D46400940B11 /* AppDelegate.swift in Sources */,
				0C78AACE1FA4E91F00940B11 /* SignUpView.swift in Sources */,
				0C78AAF51FA501E900940B11 /* MenuDetailTableViewCell.swift in Sources */,
				0C78AABF1FA4DA7E00940B11 /* WelcomeView.swift in Sources */,
				0C88FC651FA5AF9F00B16394 /* ProductDetailView.swift in Sources */,
				0C78AAE31FA4F0CE00940B11 /* MenuTableViewCell.swift in Sources */,
				0C78AAEC1FA4F9A000940B11 /* SettingsVC.swift in Sources */,
				0C88FC6C1FA5C0CC00B16394 /* OrderSummaryView.swift in Sources */,
				0C88FC6E1FA5C0F900B16394 /* OrderSummaryTableViewCell.swift in Sources */,
				0C78AAEE1FA4FABC00940B11 /* FavoritesView.swift in Sources */,
			);
			runOnlyForDeploymentPostprocessing = 0;
		};
		0C78AA971FA4D46400940B11 /* Sources */ = {
			isa = PBXSourcesBuildPhase;
			buildActionMask = 2147483647;
			files = (
				0C78AAC41FA4DAA100940B11 /* WelcomeVC.swift in Sources */,
				0C78AAC01FA4DA7E00940B11 /* WelcomeView.swift in Sources */,
			);
			runOnlyForDeploymentPostprocessing = 0;
		};
		0C78AAA21FA4D46500940B11 /* Sources */ = {
			isa = PBXSourcesBuildPhase;
			buildActionMask = 2147483647;
			files = (
				0C78AAC51FA4DAA100940B11 /* WelcomeVC.swift in Sources */,
				0C78AAC11FA4DA7E00940B11 /* WelcomeView.swift in Sources */,
			);
			runOnlyForDeploymentPostprocessing = 0;
		};
/* End PBXSourcesBuildPhase section */

/* Begin PBXTargetDependency section */
		0C78AA9D1FA4D46400940B11 /* PBXTargetDependency */ = {
			isa = PBXTargetDependency;
			target = 0C78AA861FA4D46400940B11 /* CoffeeShop */;
			targetProxy = 0C78AA9C1FA4D46400940B11 /* PBXContainerItemProxy */;
		};
		0C78AAA81FA4D46500940B11 /* PBXTargetDependency */ = {
			isa = PBXTargetDependency;
			target = 0C78AA861FA4D46400940B11 /* CoffeeShop */;
			targetProxy = 0C78AAA71FA4D46500940B11 /* PBXContainerItemProxy */;
		};
/* End PBXTargetDependency section */

/* Begin PBXVariantGroup section */
		0C78AA931FA4D46400940B11 /* LaunchScreen.storyboard */ = {
			isa = PBXVariantGroup;
			children = (
				0C78AA941FA4D46400940B11 /* Base */,
			);
			name = LaunchScreen.storyboard;
			path = .;
			sourceTree = "<group>";
		};
/* End PBXVariantGroup section */

/* Begin XCBuildConfiguration section */
		0C78AAAD1FA4D46500940B11 /* Debug */ = {
			isa = XCBuildConfiguration;
			buildSettings = {
				ALWAYS_SEARCH_USER_PATHS = NO;
				CLANG_ANALYZER_NONNULL = YES;
				CLANG_ANALYZER_NUMBER_OBJECT_CONVERSION = YES_AGGRESSIVE;
				CLANG_CXX_LANGUAGE_STANDARD = "gnu++14";
				CLANG_CXX_LIBRARY = "libc++";
				CLANG_ENABLE_MODULES = YES;
				CLANG_ENABLE_OBJC_ARC = YES;
				CLANG_WARN_BLOCK_CAPTURE_AUTORELEASING = YES;
				CLANG_WARN_BOOL_CONVERSION = YES;
				CLANG_WARN_COMMA = YES;
				CLANG_WARN_CONSTANT_CONVERSION = YES;
				CLANG_WARN_DIRECT_OBJC_ISA_USAGE = YES_ERROR;
				CLANG_WARN_DOCUMENTATION_COMMENTS = YES;
				CLANG_WARN_EMPTY_BODY = YES;
				CLANG_WARN_ENUM_CONVERSION = YES;
				CLANG_WARN_INFINITE_RECURSION = YES;
				CLANG_WARN_INT_CONVERSION = YES;
				CLANG_WARN_NON_LITERAL_NULL_CONVERSION = YES;
				CLANG_WARN_OBJC_LITERAL_CONVERSION = YES;
				CLANG_WARN_OBJC_ROOT_CLASS = YES_ERROR;
				CLANG_WARN_RANGE_LOOP_ANALYSIS = YES;
				CLANG_WARN_STRICT_PROTOTYPES = YES;
				CLANG_WARN_SUSPICIOUS_MOVE = YES;
				CLANG_WARN_UNGUARDED_AVAILABILITY = YES_AGGRESSIVE;
				CLANG_WARN_UNREACHABLE_CODE = YES;
				CLANG_WARN__DUPLICATE_METHOD_MATCH = YES;
				CODE_SIGN_IDENTITY = "iPhone Developer";
				COPY_PHASE_STRIP = NO;
				DEBUG_INFORMATION_FORMAT = dwarf;
				ENABLE_STRICT_OBJC_MSGSEND = YES;
				ENABLE_TESTABILITY = YES;
				GCC_C_LANGUAGE_STANDARD = gnu11;
				GCC_DYNAMIC_NO_PIC = NO;
				GCC_NO_COMMON_BLOCKS = YES;
				GCC_OPTIMIZATION_LEVEL = 0;
				GCC_PREPROCESSOR_DEFINITIONS = (
					"DEBUG=1",
					"$(inherited)",
				);
				GCC_WARN_64_TO_32_BIT_CONVERSION = YES;
				GCC_WARN_ABOUT_RETURN_TYPE = YES_ERROR;
				GCC_WARN_UNDECLARED_SELECTOR = YES;
				GCC_WARN_UNINITIALIZED_AUTOS = YES_AGGRESSIVE;
				GCC_WARN_UNUSED_FUNCTION = YES;
				GCC_WARN_UNUSED_VARIABLE = YES;
				IPHONEOS_DEPLOYMENT_TARGET = 11.0;
				MTL_ENABLE_DEBUG_INFO = YES;
				ONLY_ACTIVE_ARCH = YES;
				SDKROOT = iphoneos;
				SWIFT_ACTIVE_COMPILATION_CONDITIONS = DEBUG;
				SWIFT_OPTIMIZATION_LEVEL = "-Onone";
			};
			name = Debug;
		};
		0C78AAAE1FA4D46500940B11 /* Release */ = {
			isa = XCBuildConfiguration;
			buildSettings = {
				ALWAYS_SEARCH_USER_PATHS = NO;
				CLANG_ANALYZER_NONNULL = YES;
				CLANG_ANALYZER_NUMBER_OBJECT_CONVERSION = YES_AGGRESSIVE;
				CLANG_CXX_LANGUAGE_STANDARD = "gnu++14";
				CLANG_CXX_LIBRARY = "libc++";
				CLANG_ENABLE_MODULES = YES;
				CLANG_ENABLE_OBJC_ARC = YES;
				CLANG_WARN_BLOCK_CAPTURE_AUTORELEASING = YES;
				CLANG_WARN_BOOL_CONVERSION = YES;
				CLANG_WARN_COMMA = YES;
				CLANG_WARN_CONSTANT_CONVERSION = YES;
				CLANG_WARN_DIRECT_OBJC_ISA_USAGE = YES_ERROR;
				CLANG_WARN_DOCUMENTATION_COMMENTS = YES;
				CLANG_WARN_EMPTY_BODY = YES;
				CLANG_WARN_ENUM_CONVERSION = YES;
				CLANG_WARN_INFINITE_RECURSION = YES;
				CLANG_WARN_INT_CONVERSION = YES;
				CLANG_WARN_NON_LITERAL_NULL_CONVERSION = YES;
				CLANG_WARN_OBJC_LITERAL_CONVERSION = YES;
				CLANG_WARN_OBJC_ROOT_CLASS = YES_ERROR;
				CLANG_WARN_RANGE_LOOP_ANALYSIS = YES;
				CLANG_WARN_STRICT_PROTOTYPES = YES;
				CLANG_WARN_SUSPICIOUS_MOVE = YES;
				CLANG_WARN_UNGUARDED_AVAILABILITY = YES_AGGRESSIVE;
				CLANG_WARN_UNREACHABLE_CODE = YES;
				CLANG_WARN__DUPLICATE_METHOD_MATCH = YES;
				CODE_SIGN_IDENTITY = "iPhone Developer";
				COPY_PHASE_STRIP = NO;
				DEBUG_INFORMATION_FORMAT = "dwarf-with-dsym";
				ENABLE_NS_ASSERTIONS = NO;
				ENABLE_STRICT_OBJC_MSGSEND = YES;
				GCC_C_LANGUAGE_STANDARD = gnu11;
				GCC_NO_COMMON_BLOCKS = YES;
				GCC_WARN_64_TO_32_BIT_CONVERSION = YES;
				GCC_WARN_ABOUT_RETURN_TYPE = YES_ERROR;
				GCC_WARN_UNDECLARED_SELECTOR = YES;
				GCC_WARN_UNINITIALIZED_AUTOS = YES_AGGRESSIVE;
				GCC_WARN_UNUSED_FUNCTION = YES;
				GCC_WARN_UNUSED_VARIABLE = YES;
				IPHONEOS_DEPLOYMENT_TARGET = 11.0;
				MTL_ENABLE_DEBUG_INFO = NO;
				SDKROOT = iphoneos;
				SWIFT_OPTIMIZATION_LEVEL = "-Owholemodule";
				VALIDATE_PRODUCT = YES;
			};
			name = Release;
		};
		0C78AAB01FA4D46500940B11 /* Debug */ = {
			isa = XCBuildConfiguration;
			baseConfigurationReference = 2A1C5B3D824E20FB8713E6EA /* Pods-CoffeeShop.debug.xcconfig */;
			buildSettings = {
				ASSETCATALOG_COMPILER_APPICON_NAME = AppIcon;
				CODE_SIGN_STYLE = Automatic;
				DEVELOPMENT_TEAM = 62G4RHB5VM;
				INFOPLIST_FILE = "$(SRCROOT)/CoffeeShop/Support/Info.plist";
				IPHONEOS_DEPLOYMENT_TARGET = 9.3;
				LD_RUNPATH_SEARCH_PATHS = "$(inherited) @executable_path/Frameworks";
				PRODUCT_BUNDLE_IDENTIFIER = com.phantuanvi.CoffeeShop;
				PRODUCT_NAME = "$(TARGET_NAME)";
				SWIFT_VERSION = 4.0;
				TARGETED_DEVICE_FAMILY = "1,2";
			};
			name = Debug;
		};
		0C78AAB11FA4D46500940B11 /* Release */ = {
			isa = XCBuildConfiguration;
			baseConfigurationReference = 2B7DB005AA651FE12E580456 /* Pods-CoffeeShop.release.xcconfig */;
			buildSettings = {
				ASSETCATALOG_COMPILER_APPICON_NAME = AppIcon;
				CODE_SIGN_STYLE = Automatic;
				DEVELOPMENT_TEAM = 62G4RHB5VM;
				INFOPLIST_FILE = "$(SRCROOT)/CoffeeShop/Support/Info.plist";
				IPHONEOS_DEPLOYMENT_TARGET = 9.3;
				LD_RUNPATH_SEARCH_PATHS = "$(inherited) @executable_path/Frameworks";
				PRODUCT_BUNDLE_IDENTIFIER = com.phantuanvi.CoffeeShop;
				PRODUCT_NAME = "$(TARGET_NAME)";
				SWIFT_VERSION = 4.0;
				TARGETED_DEVICE_FAMILY = "1,2";
			};
			name = Release;
		};
		0C78AAB31FA4D46500940B11 /* Debug */ = {
			isa = XCBuildConfiguration;
			buildSettings = {
				ALWAYS_EMBED_SWIFT_STANDARD_LIBRARIES = YES;
				BUNDLE_LOADER = "$(TEST_HOST)";
				CODE_SIGN_STYLE = Automatic;
				DEVELOPMENT_TEAM = 62G4RHB5VM;
				INFOPLIST_FILE = CoffeeShopTests/Info.plist;
				LD_RUNPATH_SEARCH_PATHS = "$(inherited) @executable_path/Frameworks @loader_path/Frameworks";
				PRODUCT_BUNDLE_IDENTIFIER = com.phantuanvi.CoffeeShopTests;
				PRODUCT_NAME = "$(TARGET_NAME)";
				SWIFT_VERSION = 4.0;
				TARGETED_DEVICE_FAMILY = "1,2";
				TEST_HOST = "$(BUILT_PRODUCTS_DIR)/CoffeeShop.app/CoffeeShop";
			};
			name = Debug;
		};
		0C78AAB41FA4D46500940B11 /* Release */ = {
			isa = XCBuildConfiguration;
			buildSettings = {
				ALWAYS_EMBED_SWIFT_STANDARD_LIBRARIES = YES;
				BUNDLE_LOADER = "$(TEST_HOST)";
				CODE_SIGN_STYLE = Automatic;
				DEVELOPMENT_TEAM = 62G4RHB5VM;
				INFOPLIST_FILE = CoffeeShopTests/Info.plist;
				LD_RUNPATH_SEARCH_PATHS = "$(inherited) @executable_path/Frameworks @loader_path/Frameworks";
				PRODUCT_BUNDLE_IDENTIFIER = com.phantuanvi.CoffeeShopTests;
				PRODUCT_NAME = "$(TARGET_NAME)";
				SWIFT_VERSION = 4.0;
				TARGETED_DEVICE_FAMILY = "1,2";
				TEST_HOST = "$(BUILT_PRODUCTS_DIR)/CoffeeShop.app/CoffeeShop";
			};
			name = Release;
		};
		0C78AAB61FA4D46500940B11 /* Debug */ = {
			isa = XCBuildConfiguration;
			buildSettings = {
				ALWAYS_EMBED_SWIFT_STANDARD_LIBRARIES = YES;
				CODE_SIGN_STYLE = Automatic;
				DEVELOPMENT_TEAM = 62G4RHB5VM;
				INFOPLIST_FILE = CoffeeShopUITests/Info.plist;
				LD_RUNPATH_SEARCH_PATHS = "$(inherited) @executable_path/Frameworks @loader_path/Frameworks";
				PRODUCT_BUNDLE_IDENTIFIER = com.phantuanvi.CoffeeShopUITests;
				PRODUCT_NAME = "$(TARGET_NAME)";
				SWIFT_VERSION = 4.0;
				TARGETED_DEVICE_FAMILY = "1,2";
				TEST_TARGET_NAME = CoffeeShop;
			};
			name = Debug;
		};
		0C78AAB71FA4D46500940B11 /* Release */ = {
			isa = XCBuildConfiguration;
			buildSettings = {
				ALWAYS_EMBED_SWIFT_STANDARD_LIBRARIES = YES;
				CODE_SIGN_STYLE = Automatic;
				DEVELOPMENT_TEAM = 62G4RHB5VM;
				INFOPLIST_FILE = CoffeeShopUITests/Info.plist;
				LD_RUNPATH_SEARCH_PATHS = "$(inherited) @executable_path/Frameworks @loader_path/Frameworks";
				PRODUCT_BUNDLE_IDENTIFIER = com.phantuanvi.CoffeeShopUITests;
				PRODUCT_NAME = "$(TARGET_NAME)";
				SWIFT_VERSION = 4.0;
				TARGETED_DEVICE_FAMILY = "1,2";
				TEST_TARGET_NAME = CoffeeShop;
			};
			name = Release;
		};
/* End XCBuildConfiguration section */

/* Begin XCConfigurationList section */
		0C78AA821FA4D46300940B11 /* Build configuration list for PBXProject "CoffeeShop" */ = {
			isa = XCConfigurationList;
			buildConfigurations = (
				0C78AAAD1FA4D46500940B11 /* Debug */,
				0C78AAAE1FA4D46500940B11 /* Release */,
			);
			defaultConfigurationIsVisible = 0;
			defaultConfigurationName = Release;
		};
		0C78AAAF1FA4D46500940B11 /* Build configuration list for PBXNativeTarget "CoffeeShop" */ = {
			isa = XCConfigurationList;
			buildConfigurations = (
				0C78AAB01FA4D46500940B11 /* Debug */,
				0C78AAB11FA4D46500940B11 /* Release */,
			);
			defaultConfigurationIsVisible = 0;
			defaultConfigurationName = Release;
		};
		0C78AAB21FA4D46500940B11 /* Build configuration list for PBXNativeTarget "CoffeeShopTests" */ = {
			isa = XCConfigurationList;
			buildConfigurations = (
				0C78AAB31FA4D46500940B11 /* Debug */,
				0C78AAB41FA4D46500940B11 /* Release */,
			);
			defaultConfigurationIsVisible = 0;
			defaultConfigurationName = Release;
		};
		0C78AAB51FA4D46500940B11 /* Build configuration list for PBXNativeTarget "CoffeeShopUITests" */ = {
			isa = XCConfigurationList;
			buildConfigurations = (
				0C78AAB61FA4D46500940B11 /* Debug */,
				0C78AAB71FA4D46500940B11 /* Release */,
			);
			defaultConfigurationIsVisible = 0;
			defaultConfigurationName = Release;
		};
/* End XCConfigurationList section */
	};
	rootObject = 0C78AA7F1FA4D46300940B11 /* Project object */;
}
