PODS:
  - SteviaLayout (4.0.0)
  - ZHDropDownMenu (1.0.0)

DEPENDENCIES:
  - SteviaLayout
  - ZHDropDownMenu

SPEC CHECKSUMS:
  SteviaLayout: 2d6b6d7e9554fa7b2c7c2aba12337b23cf897123
  ZHDropDownMenu: aa2917b07820b9eba3dc98066f85257017821b65

PODFILE CHECKSUM: 9e5f9850b9b181db658dc1c235ecb763793ba58a

COCOAPODS: 1.3.1
